
Microsoft Visual Studio Solution File, Format Version 12.00
# Visual Studio Version 17
VisualStudioVersion = 17.13.36105.23
MinimumVisualStudioVersion = 10.0.40219.1
Project("{8BC9CEB8-8B4A-11D0-8D11-00A0C91BC942}") = "ZynnMaya", "ZynnMaya\ZynnMaya.vcxproj", "{6E427620-699C-48CE-B061-D49839A7BB48}"
EndProject
Global
	GlobalSection(SolutionConfigurationPlatforms) = preSolution
		Release_2018|x64 = Release_2018|x64
		Release_2023|x64 = Release_2023|x64
	EndGlobalSection
	GlobalSection(ProjectConfigurationPlatforms) = postSolution
		{6E427620-699C-48CE-B061-D49839A7BB48}.Release_2018|x64.ActiveCfg = Release_2018|x64
		{6E427620-699C-48CE-B061-D49839A7BB48}.Release_2023|x64.ActiveCfg = Release_2023|x64
		{6E427620-699C-48CE-B061-D49839A7BB48}.Release_2023|x64.Build.0 = Release_2023|x64
	EndGlobalSection
	GlobalSection(SolutionProperties) = preSolution
		HideSolutionNode = FALSE
	EndGlobalSection
	GlobalSection(ExtensibilityGlobals) = postSolution
		SolutionGuid = {712A2B04-5A2A-42DE-9230-625664F9F281}
	EndGlobalSection
EndGlobal
